
Microsoft Visual Studio Solution File, Format Version 12.00
# Visual Studio 15
VisualStudioVersion = 15.0.27703.2035
MinimumVisualStudioVersion = 10.0.40219.1
Project("{8BC9CEB8-8B4A-11D0-8D11-00A0C91BC942}") = "laba6", "laba6\laba6.vcxproj", "{731EBEBC-D925-4FAB-B557-FF077E49D1FB}"
EndProject
Global
	GlobalSection(SolutionConfigurationPlatforms) = preSolution
		Debug|x64 = Debug|x64
		Debug|x86 = Debug|x86
		Release|x64 = Release|x64
		Release|x86 = Release|x86
	EndGlobalSection
	GlobalSection(ProjectConfigurationPlatforms) = postSolution
		{731EBEBC-D925-4FAB-B557-FF077E49D1FB}.Debug|x64.ActiveCfg = Debug|x64
		{731EBEBC-D925-4FAB-B557-FF077E49D1FB}.Debug|x64.Build.0 = Debug|x64
		{731EBEBC-D925-4FAB-B557-FF077E49D1FB}.Debug|x86.ActiveCfg = Debug|Win32
		{731EBEBC-D925-4FAB-B557-FF077E49D1FB}.Debug|x86.Build.0 = Debug|Win32
		{731EBEBC-D925-4FAB-B557-FF077E49D1FB}.Release|x64.ActiveCfg = Release|x64
		{731EBEBC-D925-4FAB-B557-FF077E49D1FB}.Release|x64.Build.0 = Release|x64
		{731EBEBC-D925-4FAB-B557-FF077E49D1FB}.Release|x86.ActiveCfg = Release|Win32
		{731EBEBC-D925-4FAB-B557-FF077E49D1FB}.Release|x86.Build.0 = Release|Win32
	EndGlobalSection
	GlobalSection(SolutionProperties) = preSolution
		HideSolutionNode = FALSE
	EndGlobalSection
	GlobalSection(ExtensibilityGlobals) = postSolution
		SolutionGuid = {07BA94F4-92B1-462C-B87A-8EEEDB4F3BD5}
	EndGlobalSection
EndGlobal
