
Microsoft Visual Studio Solution File, Format Version 12.00
# Visual Studio 15
VisualStudioVersion = 15.0.28010.2046
MinimumVisualStudioVersion = 10.0.40219.1
Project("{8BC9CEB8-8B4A-11D0-8D11-00A0C91BC942}") = "lab8", "lab8\lab8.vcxproj", "{D60097C5-14B2-40AB-BE2E-B8E9E48EA5DD}"
EndProject
Global
	GlobalSection(SolutionConfigurationPlatforms) = preSolution
		Debug|x64 = Debug|x64
		Debug|x86 = Debug|x86
		Release|x64 = Release|x64
		Release|x86 = Release|x86
	EndGlobalSection
	GlobalSection(ProjectConfigurationPlatforms) = postSolution
		{D60097C5-14B2-40AB-BE2E-B8E9E48EA5DD}.Debug|x64.ActiveCfg = Debug|x64
		{D60097C5-14B2-40AB-BE2E-B8E9E48EA5DD}.Debug|x64.Build.0 = Debug|x64
		{D60097C5-14B2-40AB-BE2E-B8E9E48EA5DD}.Debug|x86.ActiveCfg = Debug|Win32
		{D60097C5-14B2-40AB-BE2E-B8E9E48EA5DD}.Debug|x86.Build.0 = Debug|Win32
		{D60097C5-14B2-40AB-BE2E-B8E9E48EA5DD}.Release|x64.ActiveCfg = Release|x64
		{D60097C5-14B2-40AB-BE2E-B8E9E48EA5DD}.Release|x64.Build.0 = Release|x64
		{D60097C5-14B2-40AB-BE2E-B8E9E48EA5DD}.Release|x86.ActiveCfg = Release|Win32
		{D60097C5-14B2-40AB-BE2E-B8E9E48EA5DD}.Release|x86.Build.0 = Release|Win32
	EndGlobalSection
	GlobalSection(SolutionProperties) = preSolution
		HideSolutionNode = FALSE
	EndGlobalSection
	GlobalSection(ExtensibilityGlobals) = postSolution
		SolutionGuid = {E68AB189-7927-4C57-AABC-4C55B1A6A7D5}
	EndGlobalSection
EndGlobal
