
Microsoft Visual Studio Solution File, Format Version 12.00
# Visual Studio 15
VisualStudioVersion = 15.0.28010.2046
MinimumVisualStudioVersion = 10.0.40219.1
Project("{8BC9CEB8-8B4A-11D0-8D11-00A0C91BC942}") = "lab 6", "lab 6\lab 6.vcxproj", "{33E34269-3DD9-4024-8444-871B23727EED}"
EndProject
Global
	GlobalSection(SolutionConfigurationPlatforms) = preSolution
		Debug|x64 = Debug|x64
		Debug|x86 = Debug|x86
		Release|x64 = Release|x64
		Release|x86 = Release|x86
	EndGlobalSection
	GlobalSection(ProjectConfigurationPlatforms) = postSolution
		{33E34269-3DD9-4024-8444-871B23727EED}.Debug|x64.ActiveCfg = Debug|x64
		{33E34269-3DD9-4024-8444-871B23727EED}.Debug|x64.Build.0 = Debug|x64
		{33E34269-3DD9-4024-8444-871B23727EED}.Debug|x86.ActiveCfg = Debug|Win32
		{33E34269-3DD9-4024-8444-871B23727EED}.Debug|x86.Build.0 = Debug|Win32
		{33E34269-3DD9-4024-8444-871B23727EED}.Release|x64.ActiveCfg = Release|x64
		{33E34269-3DD9-4024-8444-871B23727EED}.Release|x64.Build.0 = Release|x64
		{33E34269-3DD9-4024-8444-871B23727EED}.Release|x86.ActiveCfg = Release|Win32
		{33E34269-3DD9-4024-8444-871B23727EED}.Release|x86.Build.0 = Release|Win32
	EndGlobalSection
	GlobalSection(SolutionProperties) = preSolution
		HideSolutionNode = FALSE
	EndGlobalSection
	GlobalSection(ExtensibilityGlobals) = postSolution
		SolutionGuid = {59382ACD-3B1B-4614-94B4-8E6B4C569F75}
	EndGlobalSection
EndGlobal
