
Microsoft Visual Studio Solution File, Format Version 12.00
# Visual Studio 15
VisualStudioVersion = 15.0.28010.2046
MinimumVisualStudioVersion = 10.0.40219.1
Project("{8BC9CEB8-8B4A-11D0-8D11-00A0C91BC942}") = "lab 5", "lab 5\lab 5.vcxproj", "{C307553B-21AD-4676-B2F1-2F9DD393A218}"
EndProject
Global
	GlobalSection(SolutionConfigurationPlatforms) = preSolution
		Debug|x64 = Debug|x64
		Debug|x86 = Debug|x86
		Release|x64 = Release|x64
		Release|x86 = Release|x86
	EndGlobalSection
	GlobalSection(ProjectConfigurationPlatforms) = postSolution
		{C307553B-21AD-4676-B2F1-2F9DD393A218}.Debug|x64.ActiveCfg = Debug|x64
		{C307553B-21AD-4676-B2F1-2F9DD393A218}.Debug|x64.Build.0 = Debug|x64
		{C307553B-21AD-4676-B2F1-2F9DD393A218}.Debug|x86.ActiveCfg = Debug|Win32
		{C307553B-21AD-4676-B2F1-2F9DD393A218}.Debug|x86.Build.0 = Debug|Win32
		{C307553B-21AD-4676-B2F1-2F9DD393A218}.Release|x64.ActiveCfg = Release|x64
		{C307553B-21AD-4676-B2F1-2F9DD393A218}.Release|x64.Build.0 = Release|x64
		{C307553B-21AD-4676-B2F1-2F9DD393A218}.Release|x86.ActiveCfg = Release|Win32
		{C307553B-21AD-4676-B2F1-2F9DD393A218}.Release|x86.Build.0 = Release|Win32
	EndGlobalSection
	GlobalSection(SolutionProperties) = preSolution
		HideSolutionNode = FALSE
	EndGlobalSection
	GlobalSection(ExtensibilityGlobals) = postSolution
		SolutionGuid = {5A1545E8-2BF2-49D1-AAC8-C3851CBBE182}
	EndGlobalSection
EndGlobal
