
Microsoft Visual Studio Solution File, Format Version 12.00
# Visual Studio 15
VisualStudioVersion = 15.0.28010.2046
MinimumVisualStudioVersion = 10.0.40219.1
Project("{8BC9CEB8-8B4A-11D0-8D11-00A0C91BC942}") = "СТЭК", "СТЭК\СТЭК.vcxproj", "{5AF38602-7C2E-4EE3-89C0-18B55AE57518}"
EndProject
Global
	GlobalSection(SolutionConfigurationPlatforms) = preSolution
		Debug|x64 = Debug|x64
		Debug|x86 = Debug|x86
		Release|x64 = Release|x64
		Release|x86 = Release|x86
	EndGlobalSection
	GlobalSection(ProjectConfigurationPlatforms) = postSolution
		{5AF38602-7C2E-4EE3-89C0-18B55AE57518}.Debug|x64.ActiveCfg = Debug|x64
		{5AF38602-7C2E-4EE3-89C0-18B55AE57518}.Debug|x64.Build.0 = Debug|x64
		{5AF38602-7C2E-4EE3-89C0-18B55AE57518}.Debug|x86.ActiveCfg = Debug|Win32
		{5AF38602-7C2E-4EE3-89C0-18B55AE57518}.Debug|x86.Build.0 = Debug|Win32
		{5AF38602-7C2E-4EE3-89C0-18B55AE57518}.Release|x64.ActiveCfg = Release|x64
		{5AF38602-7C2E-4EE3-89C0-18B55AE57518}.Release|x64.Build.0 = Release|x64
		{5AF38602-7C2E-4EE3-89C0-18B55AE57518}.Release|x86.ActiveCfg = Release|Win32
		{5AF38602-7C2E-4EE3-89C0-18B55AE57518}.Release|x86.Build.0 = Release|Win32
	EndGlobalSection
	GlobalSection(SolutionProperties) = preSolution
		HideSolutionNode = FALSE
	EndGlobalSection
	GlobalSection(ExtensibilityGlobals) = postSolution
		SolutionGuid = {DB997D0B-3AE1-4F8C-B7AA-F9981FEFBEDC}
	EndGlobalSection
EndGlobal
