
Microsoft Visual Studio Solution File, Format Version 12.00
# Visual Studio 15
VisualStudioVersion = 15.0.28010.2046
MinimumVisualStudioVersion = 10.0.40219.1
Project("{8BC9CEB8-8B4A-11D0-8D11-00A0C91BC942}") = "lab_4", "lab_4\lab_4.vcxproj", "{DE028E31-D54A-4580-A071-3E228CCFBBFB}"
EndProject
Global
	GlobalSection(SolutionConfigurationPlatforms) = preSolution
		Debug|x64 = Debug|x64
		Debug|x86 = Debug|x86
		Release|x64 = Release|x64
		Release|x86 = Release|x86
	EndGlobalSection
	GlobalSection(ProjectConfigurationPlatforms) = postSolution
		{DE028E31-D54A-4580-A071-3E228CCFBBFB}.Debug|x64.ActiveCfg = Debug|x64
		{DE028E31-D54A-4580-A071-3E228CCFBBFB}.Debug|x64.Build.0 = Debug|x64
		{DE028E31-D54A-4580-A071-3E228CCFBBFB}.Debug|x86.ActiveCfg = Debug|Win32
		{DE028E31-D54A-4580-A071-3E228CCFBBFB}.Debug|x86.Build.0 = Debug|Win32
		{DE028E31-D54A-4580-A071-3E228CCFBBFB}.Release|x64.ActiveCfg = Release|x64
		{DE028E31-D54A-4580-A071-3E228CCFBBFB}.Release|x64.Build.0 = Release|x64
		{DE028E31-D54A-4580-A071-3E228CCFBBFB}.Release|x86.ActiveCfg = Release|Win32
		{DE028E31-D54A-4580-A071-3E228CCFBBFB}.Release|x86.Build.0 = Release|Win32
	EndGlobalSection
	GlobalSection(SolutionProperties) = preSolution
		HideSolutionNode = FALSE
	EndGlobalSection
	GlobalSection(ExtensibilityGlobals) = postSolution
		SolutionGuid = {87147085-B356-4F6C-B00A-C5BC1CD078BC}
	EndGlobalSection
EndGlobal
